# THIS IS AN AUTOGENERATED FILE. DO NOT EDIT THIS FILE DIRECTLY.
# yarn lockfile v1


"kbw-calendars@https://github.com/atriina/calendars":
  version "2.1.2"
  resolved "https://github.com/atriina/calendars#00cacb0d9e272abe687f3b7b2e8dfad189b5ab19"
  dependencies:
    ken.js "^0.0.6"

ken.js@^0.0.6:
  version "0.0.6"
  resolved "https://registry.yarnpkg.com/ken.js/-/ken.js-0.0.6.tgz#5321f95b69b1f36886e6b433e2013f4941ae041a"
  integrity sha512-Y8LfxCnqRZm0Z0CcUruo4Vmus9k2rk542A0jdoUaURnjSn2GT40LQmv44OYwNxe0qZNWzw6YslFvmb3nbD/gfg==
